// !$*UTF8*$!
{
	archiveVersion = 1;
	classes = {
	};
	objectVersion = 46;
	objects = {

/* Begin PBXBuildFile section */
		17357F6F0404374DCC03AD43 /* Pods_NvWaPatch_Tests.framework in Frameworks */ = {isa = PBXBuildFile; fileRef = C45C8EBFF4E3183488C49516 /* Pods_NvWaPatch_Tests.framework */; };
		6003F58E195388D20070C39A /* Foundation.framework in Frameworks */ = {isa = PBXBuildFile; fileRef = 6003F58D195388D20070C39A /* Foundation.framework */; };
		6003F590195388D20070C39A /* CoreGraphics.framework in Frameworks */ = {isa = PBXBuildFile; fileRef = 6003F58F195388D20070C39A /* CoreGraphics.framework */; };
		6003F592195388D20070C39A /* UIKit.framework in Frameworks */ = {isa = PBXBuildFile; fileRef = 6003F591195388D20070C39A /* UIKit.framework */; };
		6003F598195388D20070C39A /* InfoPlist.strings in Resources */ = {isa = PBXBuildFile; fileRef = 6003F596195388D20070C39A /* InfoPlist.strings */; };
		6003F59A195388D20070C39A /* main.m in Sources */ = {isa = PBXBuildFile; fileRef = 6003F599195388D20070C39A /* main.m */; };
		6003F59E195388D20070C39A /* NWAppDelegate.m in Sources */ = {isa = PBXBuildFile; fileRef = 6003F59D195388D20070C39A /* NWAppDelegate.m */; };
		6003F5A7195388D20070C39A /* NWViewController.m in Sources */ = {isa = PBXBuildFile; fileRef = 6003F5A6195388D20070C39A /* NWViewController.m */; };
		6003F5A9195388D20070C39A /* Images.xcassets in Resources */ = {isa = PBXBuildFile; fileRef = 6003F5A8195388D20070C39A /* Images.xcassets */; };
		6003F5B0195388D20070C39A /* XCTest.framework in Frameworks */ = {isa = PBXBuildFile; fileRef = 6003F5AF195388D20070C39A /* XCTest.framework */; };
		6003F5B1195388D20070C39A /* Foundation.framework in Frameworks */ = {isa = PBXBuildFile; fileRef = 6003F58D195388D20070C39A /* Foundation.framework */; };
		6003F5B2195388D20070C39A /* UIKit.framework in Frameworks */ = {isa = PBXBuildFile; fileRef = 6003F591195388D20070C39A /* UIKit.framework */; };
		6003F5BA195388D20070C39A /* InfoPlist.strings in Resources */ = {isa = PBXBuildFile; fileRef = 6003F5B8195388D20070C39A /* InfoPlist.strings */; };
		6003F5BC195388D20070C39A /* Tests.m in Sources */ = {isa = PBXBuildFile; fileRef = 6003F5BB195388D20070C39A /* Tests.m */; };
		71719F9F1E33DC2100824A3D /* LaunchScreen.storyboard in Resources */ = {isa = PBXBuildFile; fileRef = 71719F9D1E33DC2100824A3D /* LaunchScreen.storyboard */; };
		873B8AEB1B1F5CCA007FD442 /* Main.storyboard in Resources */ = {isa = PBXBuildFile; fileRef = 873B8AEA1B1F5CCA007FD442 /* Main.storyboard */; };
		9885E1B124390E1400CDDF96 /* NWDefineDSLParse.swift in Sources */ = {isa = PBXBuildFile; fileRef = 9885E18E24390E1400CDDF96 /* NWDefineDSLParse.swift */; };
		9885E1B224390E1400CDDF96 /* NWObjCHookInfo.m in Sources */ = {isa = PBXBuildFile; fileRef = 9885E19124390E1400CDDF96 /* NWObjCHookInfo.m */; };
		9885E1B324390E1400CDDF96 /* NWFuncHookInfoPool.swift in Sources */ = {isa = PBXBuildFile; fileRef = 9885E19224390E1400CDDF96 /* NWFuncHookInfoPool.swift */; };
		9885E1B424390E1400CDDF96 /* NWHookInfo.m in Sources */ = {isa = PBXBuildFile; fileRef = 9885E19424390E1400CDDF96 /* NWHookInfo.m */; };
		9885E1B524390E1400CDDF96 /* NWFuncHook.swift in Sources */ = {isa = PBXBuildFile; fileRef = 9885E19524390E1400CDDF96 /* NWFuncHook.swift */; };
		9885E1B624390E1400CDDF96 /* NWUtils.m in Sources */ = {isa = PBXBuildFile; fileRef = 9885E19724390E1400CDDF96 /* NWUtils.m */; };
		9885E1B724390E1400CDDF96 /* NWJSDownloader.swift in Sources */ = {isa = PBXBuildFile; fileRef = 9885E19A24390E1400CDDF96 /* NWJSDownloader.swift */; };
		9885E1B824390E1400CDDF96 /* NWJSCoreBridge.swift in Sources */ = {isa = PBXBuildFile; fileRef = 9885E19B24390E1400CDDF96 /* NWJSCoreBridge.swift */; };
		9885E1B924390E1400CDDF96 /* NWJSEngine.swift in Sources */ = {isa = PBXBuildFile; fileRef = 9885E19C24390E1400CDDF96 /* NWJSEngine.swift */; };
		9885E1BA24390E1400CDDF96 /* NWJSBridgeContext.swift in Sources */ = {isa = PBXBuildFile; fileRef = 9885E19D24390E1400CDDF96 /* NWJSBridgeContext.swift */; };
		9885E1BB24390E1400CDDF96 /* NWMethodSignature.m in Sources */ = {isa = PBXBuildFile; fileRef = 9885E1A224390E1400CDDF96 /* NWMethodSignature.m */; };
		9885E1BC24390E1400CDDF96 /* NWObjCMethodSignature.m in Sources */ = {isa = PBXBuildFile; fileRef = 9885E1A324390E1400CDDF96 /* NWObjCMethodSignature.m */; };
		9885E1BD24390E1400CDDF96 /* NWMethodReturnValue.m in Sources */ = {isa = PBXBuildFile; fileRef = 9885E1A624390E1400CDDF96 /* NWMethodReturnValue.m */; };
		9885E1BE24390E1400CDDF96 /* NWJSMethod.m in Sources */ = {isa = PBXBuildFile; fileRef = 9885E1A824390E1400CDDF96 /* NWJSMethod.m */; };
		9885E1BF24390E1400CDDF96 /* NWMethod.m in Sources */ = {isa = PBXBuildFile; fileRef = 9885E1A924390E1400CDDF96 /* NWMethod.m */; };
		9885E1C024390E1400CDDF96 /* NWObjCMethod.m in Sources */ = {isa = PBXBuildFile; fileRef = 9885E1AA24390E1400CDDF96 /* NWObjCMethod.m */; };
		9885E1C124390E1400CDDF96 /* NWMethodArgument.m in Sources */ = {isa = PBXBuildFile; fileRef = 9885E1B024390E1400CDDF96 /* NWMethodArgument.m */; };
		98E44A2023B3E08E00C28C4F /* NWButtonView.m in Sources */ = {isa = PBXBuildFile; fileRef = 98E44A1D23B3E08E00C28C4F /* NWButtonView.m */; };
		98E44A2123B3E08E00C28C4F /* NWStateView.m in Sources */ = {isa = PBXBuildFile; fileRef = 98E44A1E23B3E08E00C28C4F /* NWStateView.m */; };
		98E44A2423B3E2F900C28C4F /* NWTest.swift in Sources */ = {isa = PBXBuildFile; fileRef = 98E44A2323B3E2F900C28C4F /* NWTest.swift */; };
		9FCB38364095D995E5F6ABC9 /* Pods_NvWaPatch_Example.framework in Frameworks */ = {isa = PBXBuildFile; fileRef = 63BF78084BA7EB99C2E9AB71 /* Pods_NvWaPatch_Example.framework */; };
/* End PBXBuildFile section */

/* Begin PBXContainerItemProxy section */
		6003F5B3195388D20070C39A /* PBXContainerItemProxy */ = {
			isa = PBXContainerItemProxy;
			containerPortal = 6003F582195388D10070C39A /* Project object */;
			proxyType = 1;
			remoteGlobalIDString = 6003F589195388D20070C39A;
			remoteInfo = NvWaPatch;
		};
/* End PBXContainerItemProxy section */

/* Begin PBXFileReference section */
		155610AEFA17BD7EEC5ED551 /* Pods-NvWaPatch_Tests.release.xcconfig */ = {isa = PBXFileReference; includeInIndex = 1; lastKnownFileType = text.xcconfig; name = "Pods-NvWaPatch_Tests.release.xcconfig"; path = "Target Support Files/Pods-NvWaPatch_Tests/Pods-NvWaPatch_Tests.release.xcconfig"; sourceTree = "<group>"; };
		2FA97809B8FCA939CC0180F5 /* LICENSE */ = {isa = PBXFileReference; includeInIndex = 1; lastKnownFileType = text; name = LICENSE; path = ../LICENSE; sourceTree = "<group>"; };
		5AB4DFEA1745195A336F9643 /* Pods-NvWaPatch_Tests.debug.xcconfig */ = {isa = PBXFileReference; includeInIndex = 1; lastKnownFileType = text.xcconfig; name = "Pods-NvWaPatch_Tests.debug.xcconfig"; path = "Target Support Files/Pods-NvWaPatch_Tests/Pods-NvWaPatch_Tests.debug.xcconfig"; sourceTree = "<group>"; };
		6003F58A195388D20070C39A /* NvWaPatch_Example.app */ = {isa = PBXFileReference; explicitFileType = wrapper.application; includeInIndex = 0; path = NvWaPatch_Example.app; sourceTree = BUILT_PRODUCTS_DIR; };
		6003F58D195388D20070C39A /* Foundation.framework */ = {isa = PBXFileReference; lastKnownFileType = wrapper.framework; name = Foundation.framework; path = System/Library/Frameworks/Foundation.framework; sourceTree = SDKROOT; };
		6003F58F195388D20070C39A /* CoreGraphics.framework */ = {isa = PBXFileReference; lastKnownFileType = wrapper.framework; name = CoreGraphics.framework; path = System/Library/Frameworks/CoreGraphics.framework; sourceTree = SDKROOT; };
		6003F591195388D20070C39A /* UIKit.framework */ = {isa = PBXFileReference; lastKnownFileType = wrapper.framework; name = UIKit.framework; path = System/Library/Frameworks/UIKit.framework; sourceTree = SDKROOT; };
		6003F595195388D20070C39A /* NvWaPatch-Info.plist */ = {isa = PBXFileReference; lastKnownFileType = text.plist.xml; path = "NvWaPatch-Info.plist"; sourceTree = "<group>"; };
		6003F597195388D20070C39A /* en */ = {isa = PBXFileReference; lastKnownFileType = text.plist.strings; name = en; path = en.lproj/InfoPlist.strings; sourceTree = "<group>"; };
		6003F599195388D20070C39A /* main.m */ = {isa = PBXFileReference; lastKnownFileType = sourcecode.c.objc; path = main.m; sourceTree = "<group>"; };
		6003F59B195388D20070C39A /* NvWaPatch-Prefix.pch */ = {isa = PBXFileReference; lastKnownFileType = sourcecode.c.h; path = "NvWaPatch-Prefix.pch"; sourceTree = "<group>"; };
		6003F59C195388D20070C39A /* NWAppDelegate.h */ = {isa = PBXFileReference; lastKnownFileType = sourcecode.c.h; path = NWAppDelegate.h; sourceTree = "<group>"; };
		6003F59D195388D20070C39A /* NWAppDelegate.m */ = {isa = PBXFileReference; lastKnownFileType = sourcecode.c.objc; path = NWAppDelegate.m; sourceTree = "<group>"; };
		6003F5A5195388D20070C39A /* NWViewController.h */ = {isa = PBXFileReference; lastKnownFileType = sourcecode.c.h; path = NWViewController.h; sourceTree = "<group>"; };
		6003F5A6195388D20070C39A /* NWViewController.m */ = {isa = PBXFileReference; lastKnownFileType = sourcecode.c.objc; path = NWViewController.m; sourceTree = "<group>"; };
		6003F5A8195388D20070C39A /* Images.xcassets */ = {isa = PBXFileReference; lastKnownFileType = folder.assetcatalog; path = Images.xcassets; sourceTree = "<group>"; };
		6003F5AE195388D20070C39A /* NvWaPatch_Tests.xctest */ = {isa = PBXFileReference; explicitFileType = wrapper.cfbundle; includeInIndex = 0; path = NvWaPatch_Tests.xctest; sourceTree = BUILT_PRODUCTS_DIR; };
		6003F5AF195388D20070C39A /* XCTest.framework */ = {isa = PBXFileReference; lastKnownFileType = wrapper.framework; name = XCTest.framework; path = Library/Frameworks/XCTest.framework; sourceTree = DEVELOPER_DIR; };
		6003F5B7195388D20070C39A /* Tests-Info.plist */ = {isa = PBXFileReference; lastKnownFileType = text.plist.xml; path = "Tests-Info.plist"; sourceTree = "<group>"; };
		6003F5B9195388D20070C39A /* en */ = {isa = PBXFileReference; lastKnownFileType = text.plist.strings; name = en; path = en.lproj/InfoPlist.strings; sourceTree = "<group>"; };
		6003F5BB195388D20070C39A /* Tests.m */ = {isa = PBXFileReference; lastKnownFileType = sourcecode.c.objc; path = Tests.m; sourceTree = "<group>"; };
		606FC2411953D9B200FFA9A0 /* Tests-Prefix.pch */ = {isa = PBXFileReference; lastKnownFileType = sourcecode.c.h; path = "Tests-Prefix.pch"; sourceTree = "<group>"; };
		63BF78084BA7EB99C2E9AB71 /* Pods_NvWaPatch_Example.framework */ = {isa = PBXFileReference; explicitFileType = wrapper.framework; includeInIndex = 0; path = Pods_NvWaPatch_Example.framework; sourceTree = BUILT_PRODUCTS_DIR; };
		71719F9E1E33DC2100824A3D /* Base */ = {isa = PBXFileReference; lastKnownFileType = file.storyboard; name = Base; path = Base.lproj/LaunchScreen.storyboard; sourceTree = "<group>"; };
		873B8AEA1B1F5CCA007FD442 /* Main.storyboard */ = {isa = PBXFileReference; fileEncoding = 4; lastKnownFileType = file.storyboard; name = Main.storyboard; path = Base.lproj/Main.storyboard; sourceTree = "<group>"; };
		9885E18E24390E1400CDDF96 /* NWDefineDSLParse.swift */ = {isa = PBXFileReference; fileEncoding = 4; lastKnownFileType = sourcecode.swift; path = NWDefineDSLParse.swift; sourceTree = "<group>"; };
		9885E19024390E1400CDDF96 /* NWHookInfo.h */ = {isa = PBXFileReference; fileEncoding = 4; lastKnownFileType = sourcecode.c.h; path = NWHookInfo.h; sourceTree = "<group>"; };
		9885E19124390E1400CDDF96 /* NWObjCHookInfo.m */ = {isa = PBXFileReference; fileEncoding = 4; lastKnownFileType = sourcecode.c.objc; path = NWObjCHookInfo.m; sourceTree = "<group>"; };
		9885E19224390E1400CDDF96 /* NWFuncHookInfoPool.swift */ = {isa = PBXFileReference; fileEncoding = 4; lastKnownFileType = sourcecode.swift; path = NWFuncHookInfoPool.swift; sourceTree = "<group>"; };
		9885E19324390E1400CDDF96 /* NWObjCHookInfo.h */ = {isa = PBXFileReference; fileEncoding = 4; lastKnownFileType = sourcecode.c.h; path = NWObjCHookInfo.h; sourceTree = "<group>"; };
		9885E19424390E1400CDDF96 /* NWHookInfo.m */ = {isa = PBXFileReference; fileEncoding = 4; lastKnownFileType = sourcecode.c.objc; path = NWHookInfo.m; sourceTree = "<group>"; };
		9885E19524390E1400CDDF96 /* NWFuncHook.swift */ = {isa = PBXFileReference; fileEncoding = 4; lastKnownFileType = sourcecode.swift; path = NWFuncHook.swift; sourceTree = "<group>"; };
		9885E19724390E1400CDDF96 /* NWUtils.m */ = {isa = PBXFileReference; fileEncoding = 4; lastKnownFileType = sourcecode.c.objc; path = NWUtils.m; sourceTree = "<group>"; };
		9885E19824390E1400CDDF96 /* NWUtils.h */ = {isa = PBXFileReference; fileEncoding = 4; lastKnownFileType = sourcecode.c.h; path = NWUtils.h; sourceTree = "<group>"; };
		9885E19A24390E1400CDDF96 /* NWJSDownloader.swift */ = {isa = PBXFileReference; fileEncoding = 4; lastKnownFileType = sourcecode.swift; path = NWJSDownloader.swift; sourceTree = "<group>"; };
		9885E19B24390E1400CDDF96 /* NWJSCoreBridge.swift */ = {isa = PBXFileReference; fileEncoding = 4; lastKnownFileType = sourcecode.swift; path = NWJSCoreBridge.swift; sourceTree = "<group>"; };
		9885E19C24390E1400CDDF96 /* NWJSEngine.swift */ = {isa = PBXFileReference; fileEncoding = 4; lastKnownFileType = sourcecode.swift; path = NWJSEngine.swift; sourceTree = "<group>"; };
		9885E19D24390E1400CDDF96 /* NWJSBridgeContext.swift */ = {isa = PBXFileReference; fileEncoding = 4; lastKnownFileType = sourcecode.swift; path = NWJSBridgeContext.swift; sourceTree = "<group>"; };
		9885E1A024390E1400CDDF96 /* NWMethodSignature.h */ = {isa = PBXFileReference; fileEncoding = 4; lastKnownFileType = sourcecode.c.h; path = NWMethodSignature.h; sourceTree = "<group>"; };
		9885E1A124390E1400CDDF96 /* NWObjCMethodSignature.h */ = {isa = PBXFileReference; fileEncoding = 4; lastKnownFileType = sourcecode.c.h; path = NWObjCMethodSignature.h; sourceTree = "<group>"; };
		9885E1A224390E1400CDDF96 /* NWMethodSignature.m */ = {isa = PBXFileReference; fileEncoding = 4; lastKnownFileType = sourcecode.c.objc; path = NWMethodSignature.m; sourceTree = "<group>"; };
		9885E1A324390E1400CDDF96 /* NWObjCMethodSignature.m */ = {isa = PBXFileReference; fileEncoding = 4; lastKnownFileType = sourcecode.c.objc; path = NWObjCMethodSignature.m; sourceTree = "<group>"; };
		9885E1A524390E1400CDDF96 /* NWMethodReturnValue.h */ = {isa = PBXFileReference; fileEncoding = 4; lastKnownFileType = sourcecode.c.h; path = NWMethodReturnValue.h; sourceTree = "<group>"; };
		9885E1A624390E1400CDDF96 /* NWMethodReturnValue.m */ = {isa = PBXFileReference; fileEncoding = 4; lastKnownFileType = sourcecode.c.objc; path = NWMethodReturnValue.m; sourceTree = "<group>"; };
		9885E1A824390E1400CDDF96 /* NWJSMethod.m */ = {isa = PBXFileReference; fileEncoding = 4; lastKnownFileType = sourcecode.c.objc; path = NWJSMethod.m; sourceTree = "<group>"; };
		9885E1A924390E1400CDDF96 /* NWMethod.m */ = {isa = PBXFileReference; fileEncoding = 4; lastKnownFileType = sourcecode.c.objc; path = NWMethod.m; sourceTree = "<group>"; };
		9885E1AA24390E1400CDDF96 /* NWObjCMethod.m */ = {isa = PBXFileReference; fileEncoding = 4; lastKnownFileType = sourcecode.c.objc; path = NWObjCMethod.m; sourceTree = "<group>"; };
		9885E1AB24390E1400CDDF96 /* NWMethod.h */ = {isa = PBXFileReference; fileEncoding = 4; lastKnownFileType = sourcecode.c.h; path = NWMethod.h; sourceTree = "<group>"; };
		9885E1AC24390E1400CDDF96 /* NWJSMethod.h */ = {isa = PBXFileReference; fileEncoding = 4; lastKnownFileType = sourcecode.c.h; path = NWJSMethod.h; sourceTree = "<group>"; };
		9885E1AD24390E1400CDDF96 /* NWObjCMethod.h */ = {isa = PBXFileReference; fileEncoding = 4; lastKnownFileType = sourcecode.c.h; path = NWObjCMethod.h; sourceTree = "<group>"; };
		9885E1AF24390E1400CDDF96 /* NWMethodArgument.h */ = {isa = PBXFileReference; fileEncoding = 4; lastKnownFileType = sourcecode.c.h; path = NWMethodArgument.h; sourceTree = "<group>"; };
		9885E1B024390E1400CDDF96 /* NWMethodArgument.m */ = {isa = PBXFileReference; fileEncoding = 4; lastKnownFileType = sourcecode.c.objc; path = NWMethodArgument.m; sourceTree = "<group>"; };
		98E44A1C23B3E08E00C28C4F /* NWStateView.h */ = {isa = PBXFileReference; fileEncoding = 4; lastKnownFileType = sourcecode.c.h; path = NWStateView.h; sourceTree = "<group>"; };
		98E44A1D23B3E08E00C28C4F /* NWButtonView.m */ = {isa = PBXFileReference; fileEncoding = 4; lastKnownFileType = sourcecode.c.objc; path = NWButtonView.m; sourceTree = "<group>"; };
		98E44A1E23B3E08E00C28C4F /* NWStateView.m */ = {isa = PBXFileReference; fileEncoding = 4; lastKnownFileType = sourcecode.c.objc; path = NWStateView.m; sourceTree = "<group>"; };
		98E44A1F23B3E08E00C28C4F /* NWButtonView.h */ = {isa = PBXFileReference; fileEncoding = 4; lastKnownFileType = sourcecode.c.h; path = NWButtonView.h; sourceTree = "<group>"; };
		98E44A2223B3E2F900C28C4F /* NvWaPatch_Example-Bridging-Header.h */ = {isa = PBXFileReference; lastKnownFileType = sourcecode.c.h; path = "NvWaPatch_Example-Bridging-Header.h"; sourceTree = "<group>"; };
		98E44A2323B3E2F900C28C4F /* NWTest.swift */ = {isa = PBXFileReference; lastKnownFileType = sourcecode.swift; path = NWTest.swift; sourceTree = "<group>"; };
		9E0C76D0809433EB1F01A602 /* README.md */ = {isa = PBXFileReference; includeInIndex = 1; lastKnownFileType = net.daringfireball.markdown; name = README.md; path = ../README.md; sourceTree = "<group>"; };
		9E7349AD20E7D0C0C7DC5654 /* NvWaPatch.podspec */ = {isa = PBXFileReference; includeInIndex = 1; lastKnownFileType = text; name = NvWaPatch.podspec; path = ../NvWaPatch.podspec; sourceTree = "<group>"; };
		B90C8B2DB8540678D7A2E59C /* Pods-NvWaPatch_Example.debug.xcconfig */ = {isa = PBXFileReference; includeInIndex = 1; lastKnownFileType = text.xcconfig; name = "Pods-NvWaPatch_Example.debug.xcconfig"; path = "Target Support Files/Pods-NvWaPatch_Example/Pods-NvWaPatch_Example.debug.xcconfig"; sourceTree = "<group>"; };
		C45C8EBFF4E3183488C49516 /* Pods_NvWaPatch_Tests.framework */ = {isa = PBXFileReference; explicitFileType = wrapper.framework; includeInIndex = 0; path = Pods_NvWaPatch_Tests.framework; sourceTree = BUILT_PRODUCTS_DIR; };
		C9C60330233BF7B949569A0E /* Pods-NvWaPatch_Example.release.xcconfig */ = {isa = PBXFileReference; includeInIndex = 1; lastKnownFileType = text.xcconfig; name = "Pods-NvWaPatch_Example.release.xcconfig"; path = "Target Support Files/Pods-NvWaPatch_Example/Pods-NvWaPatch_Example.release.xcconfig"; sourceTree = "<group>"; };
/* End PBXFileReference section */

/* Begin PBXFrameworksBuildPhase section */
		6003F587195388D20070C39A /* Frameworks */ = {
			isa = PBXFrameworksBuildPhase;
			buildActionMask = 2147483647;
			files = (
				6003F590195388D20070C39A /* CoreGraphics.framework in Frameworks */,
				6003F592195388D20070C39A /* UIKit.framework in Frameworks */,
				6003F58E195388D20070C39A /* Foundation.framework in Frameworks */,
				9FCB38364095D995E5F6ABC9 /* Pods_NvWaPatch_Example.framework in Frameworks */,
			);
			runOnlyForDeploymentPostprocessing = 0;
		};
		6003F5AB195388D20070C39A /* Frameworks */ = {
			isa = PBXFrameworksBuildPhase;
			buildActionMask = 2147483647;
			files = (
				6003F5B0195388D20070C39A /* XCTest.framework in Frameworks */,
				6003F5B2195388D20070C39A /* UIKit.framework in Frameworks */,
				6003F5B1195388D20070C39A /* Foundation.framework in Frameworks */,
				17357F6F0404374DCC03AD43 /* Pods_NvWaPatch_Tests.framework in Frameworks */,
			);
			runOnlyForDeploymentPostprocessing = 0;
		};
/* End PBXFrameworksBuildPhase section */

/* Begin PBXGroup section */
		6003F581195388D10070C39A = {
			isa = PBXGroup;
			children = (
				60FF7A9C1954A5C5007DD14C /* Podspec Metadata */,
				6003F593195388D20070C39A /* Example for NvWaPatch */,
				6003F5B5195388D20070C39A /* Tests */,
				6003F58C195388D20070C39A /* Frameworks */,
				6003F58B195388D20070C39A /* Products */,
				CCD4D4A044EA6CC260979370 /* Pods */,
			);
			sourceTree = "<group>";
		};
		6003F58B195388D20070C39A /* Products */ = {
			isa = PBXGroup;
			children = (
				6003F58A195388D20070C39A /* NvWaPatch_Example.app */,
				6003F5AE195388D20070C39A /* NvWaPatch_Tests.xctest */,
			);
			name = Products;
			sourceTree = "<group>";
		};
		6003F58C195388D20070C39A /* Frameworks */ = {
			isa = PBXGroup;
			children = (
				6003F58D195388D20070C39A /* Foundation.framework */,
				6003F58F195388D20070C39A /* CoreGraphics.framework */,
				6003F591195388D20070C39A /* UIKit.framework */,
				6003F5AF195388D20070C39A /* XCTest.framework */,
				63BF78084BA7EB99C2E9AB71 /* Pods_NvWaPatch_Example.framework */,
				C45C8EBFF4E3183488C49516 /* Pods_NvWaPatch_Tests.framework */,
			);
			name = Frameworks;
			sourceTree = "<group>";
		};
		6003F593195388D20070C39A /* Example for NvWaPatch */ = {
			isa = PBXGroup;
			children = (
				9885E18C24390E1400CDDF96 /* NvWaPatchLib */,
				98E44A1B23B3E08E00C28C4F /* Component */,
				6003F59C195388D20070C39A /* NWAppDelegate.h */,
				6003F59D195388D20070C39A /* NWAppDelegate.m */,
				873B8AEA1B1F5CCA007FD442 /* Main.storyboard */,
				6003F5A5195388D20070C39A /* NWViewController.h */,
				6003F5A6195388D20070C39A /* NWViewController.m */,
				71719F9D1E33DC2100824A3D /* LaunchScreen.storyboard */,
				6003F5A8195388D20070C39A /* Images.xcassets */,
				6003F594195388D20070C39A /* Supporting Files */,
				98E44A2323B3E2F900C28C4F /* NWTest.swift */,
				98E44A2223B3E2F900C28C4F /* NvWaPatch_Example-Bridging-Header.h */,
			);
			name = "Example for NvWaPatch";
			path = NvWaPatch;
			sourceTree = "<group>";
		};
		6003F594195388D20070C39A /* Supporting Files */ = {
			isa = PBXGroup;
			children = (
				6003F595195388D20070C39A /* NvWaPatch-Info.plist */,
				6003F596195388D20070C39A /* InfoPlist.strings */,
				6003F599195388D20070C39A /* main.m */,
				6003F59B195388D20070C39A /* NvWaPatch-Prefix.pch */,
			);
			name = "Supporting Files";
			sourceTree = "<group>";
		};
		6003F5B5195388D20070C39A /* Tests */ = {
			isa = PBXGroup;
			children = (
				6003F5BB195388D20070C39A /* Tests.m */,
				6003F5B6195388D20070C39A /* Supporting Files */,
			);
			path = Tests;
			sourceTree = "<group>";
		};
		6003F5B6195388D20070C39A /* Supporting Files */ = {
			isa = PBXGroup;
			children = (
				6003F5B7195388D20070C39A /* Tests-Info.plist */,
				6003F5B8195388D20070C39A /* InfoPlist.strings */,
				606FC2411953D9B200FFA9A0 /* Tests-Prefix.pch */,
			);
			name = "Supporting Files";
			sourceTree = "<group>";
		};
		60FF7A9C1954A5C5007DD14C /* Podspec Metadata */ = {
			isa = PBXGroup;
			children = (
				9E7349AD20E7D0C0C7DC5654 /* NvWaPatch.podspec */,
				9E0C76D0809433EB1F01A602 /* README.md */,
				2FA97809B8FCA939CC0180F5 /* LICENSE */,
			);
			name = "Podspec Metadata";
			sourceTree = "<group>";
		};
		9885E18C24390E1400CDDF96 /* NvWaPatchLib */ = {
			isa = PBXGroup;
			children = (
				9885E18D24390E1400CDDF96 /* DSLPrase */,
				9885E18F24390E1400CDDF96 /* HookEngine */,
				9885E19624390E1400CDDF96 /* Utils */,
				9885E19924390E1400CDDF96 /* JSEngine */,
				9885E19E24390E1400CDDF96 /* Method */,
			);
			path = NvWaPatchLib;
			sourceTree = SOURCE_ROOT;
		};
		9885E18D24390E1400CDDF96 /* DSLPrase */ = {
			isa = PBXGroup;
			children = (
				9885E18E24390E1400CDDF96 /* NWDefineDSLParse.swift */,
			);
			path = DSLPrase;
			sourceTree = "<group>";
		};
		9885E18F24390E1400CDDF96 /* HookEngine */ = {
			isa = PBXGroup;
			children = (
				9885E19024390E1400CDDF96 /* NWHookInfo.h */,
				9885E19124390E1400CDDF96 /* NWObjCHookInfo.m */,
				9885E19224390E1400CDDF96 /* NWFuncHookInfoPool.swift */,
				9885E19324390E1400CDDF96 /* NWObjCHookInfo.h */,
				9885E19424390E1400CDDF96 /* NWHookInfo.m */,
				9885E19524390E1400CDDF96 /* NWFuncHook.swift */,
			);
			path = HookEngine;
			sourceTree = "<group>";
		};
		9885E19624390E1400CDDF96 /* Utils */ = {
			isa = PBXGroup;
			children = (
				9885E19724390E1400CDDF96 /* NWUtils.m */,
				9885E19824390E1400CDDF96 /* NWUtils.h */,
			);
			path = Utils;
			sourceTree = "<group>";
		};
		9885E19924390E1400CDDF96 /* JSEngine */ = {
			isa = PBXGroup;
			children = (
				9885E19A24390E1400CDDF96 /* NWJSDownloader.swift */,
				9885E19B24390E1400CDDF96 /* NWJSCoreBridge.swift */,
				9885E19C24390E1400CDDF96 /* NWJSEngine.swift */,
				9885E19D24390E1400CDDF96 /* NWJSBridgeContext.swift */,
			);
			path = JSEngine;
			sourceTree = "<group>";
		};
		9885E19E24390E1400CDDF96 /* Method */ = {
			isa = PBXGroup;
			children = (
				9885E19F24390E1400CDDF96 /* Signature */,
				9885E1A424390E1400CDDF96 /* ReturnValue */,
				9885E1A724390E1400CDDF96 /* Definition */,
				9885E1AE24390E1400CDDF96 /* Arguments */,
			);
			path = Method;
			sourceTree = "<group>";
		};
		9885E19F24390E1400CDDF96 /* Signature */ = {
			isa = PBXGroup;
			children = (
				9885E1A024390E1400CDDF96 /* NWMethodSignature.h */,
				9885E1A124390E1400CDDF96 /* NWObjCMethodSignature.h */,
				9885E1A224390E1400CDDF96 /* NWMethodSignature.m */,
				9885E1A324390E1400CDDF96 /* NWObjCMethodSignature.m */,
			);
			path = Signature;
			sourceTree = "<group>";
		};
		9885E1A424390E1400CDDF96 /* ReturnValue */ = {
			isa = PBXGroup;
			children = (
				9885E1A524390E1400CDDF96 /* NWMethodReturnValue.h */,
				9885E1A624390E1400CDDF96 /* NWMethodReturnValue.m */,
			);
			path = ReturnValue;
			sourceTree = "<group>";
		};
		9885E1A724390E1400CDDF96 /* Definition */ = {
			isa = PBXGroup;
			children = (
				9885E1A824390E1400CDDF96 /* NWJSMethod.m */,
				9885E1A924390E1400CDDF96 /* NWMethod.m */,
				9885E1AA24390E1400CDDF96 /* NWObjCMethod.m */,
				9885E1AB24390E1400CDDF96 /* NWMethod.h */,
				9885E1AC24390E1400CDDF96 /* NWJSMethod.h */,
				9885E1AD24390E1400CDDF96 /* NWObjCMethod.h */,
			);
			path = Definition;
			sourceTree = "<group>";
		};
		9885E1AE24390E1400CDDF96 /* Arguments */ = {
			isa = PBXGroup;
			children = (
				9885E1AF24390E1400CDDF96 /* NWMethodArgument.h */,
				9885E1B024390E1400CDDF96 /* NWMethodArgument.m */,
			);
			path = Arguments;
			sourceTree = "<group>";
		};
		98E44A1B23B3E08E00C28C4F /* Component */ = {
			isa = PBXGroup;
			children = (
				98E44A1C23B3E08E00C28C4F /* NWStateView.h */,
				98E44A1D23B3E08E00C28C4F /* NWButtonView.m */,
				98E44A1E23B3E08E00C28C4F /* NWStateView.m */,
				98E44A1F23B3E08E00C28C4F /* NWButtonView.h */,
			);
			path = Component;
			sourceTree = "<group>";
		};
		CCD4D4A044EA6CC260979370 /* Pods */ = {
			isa = PBXGroup;
			children = (
				B90C8B2DB8540678D7A2E59C /* Pods-NvWaPatch_Example.debug.xcconfig */,
				C9C60330233BF7B949569A0E /* Pods-NvWaPatch_Example.release.xcconfig */,
				5AB4DFEA1745195A336F9643 /* Pods-NvWaPatch_Tests.debug.xcconfig */,
				155610AEFA17BD7EEC5ED551 /* Pods-NvWaPatch_Tests.release.xcconfig */,
			);
			path = Pods;
			sourceTree = "<group>";
		};
/* End PBXGroup section */

/* Begin PBXNativeTarget section */
		6003F589195388D20070C39A /* NvWaPatch_Example */ = {
			isa = PBXNativeTarget;
			buildConfigurationList = 6003F5BF195388D20070C39A /* Build configuration list for PBXNativeTarget "NvWaPatch_Example" */;
			buildPhases = (
				AB7CE96C38DD427BF1F904B1 /* [CP] Check Pods Manifest.lock */,
				6003F586195388D20070C39A /* Sources */,
				6003F587195388D20070C39A /* Frameworks */,
				6003F588195388D20070C39A /* Resources */,
				E218C43298A2166F57E2EBC6 /* [CP] Embed Pods Frameworks */,
			);
			buildRules = (
			);
			dependencies = (
			);
			name = NvWaPatch_Example;
			productName = NvWaPatch;
			productReference = 6003F58A195388D20070C39A /* NvWaPatch_Example.app */;
			productType = "com.apple.product-type.application";
		};
		6003F5AD195388D20070C39A /* NvWaPatch_Tests */ = {
			isa = PBXNativeTarget;
			buildConfigurationList = 6003F5C2195388D20070C39A /* Build configuration list for PBXNativeTarget "NvWaPatch_Tests" */;
			buildPhases = (
				A49CBEAF8A3C8B3C1C45D340 /* [CP] Check Pods Manifest.lock */,
				6003F5AA195388D20070C39A /* Sources */,
				6003F5AB195388D20070C39A /* Frameworks */,
				6003F5AC195388D20070C39A /* Resources */,
			);
			buildRules = (
			);
			dependencies = (
				6003F5B4195388D20070C39A /* PBXTargetDependency */,
			);
			name = NvWaPatch_Tests;
			productName = NvWaPatchTests;
			productReference = 6003F5AE195388D20070C39A /* NvWaPatch_Tests.xctest */;
			productType = "com.apple.product-type.bundle.unit-test";
		};
/* End PBXNativeTarget section */

/* Begin PBXProject section */
		6003F582195388D10070C39A /* Project object */ = {
			isa = PBXProject;
			attributes = {
				CLASSPREFIX = NW;
				LastUpgradeCheck = 0720;
				ORGANIZATIONNAME = "李义真";
				TargetAttributes = {
					6003F589195388D20070C39A = {
						LastSwiftMigration = 1120;
					};
					6003F5AD195388D20070C39A = {
						TestTargetID = 6003F589195388D20070C39A;
					};
				};
			};
			buildConfigurationList = 6003F585195388D10070C39A /* Build configuration list for PBXProject "NvWaPatch" */;
			compatibilityVersion = "Xcode 3.2";
			developmentRegion = English;
			hasScannedForEncodings = 0;
			knownRegions = (
				English,
				en,
				Base,
			);
			mainGroup = 6003F581195388D10070C39A;
			productRefGroup = 6003F58B195388D20070C39A /* Products */;
			projectDirPath = "";
			projectRoot = "";
			targets = (
				6003F589195388D20070C39A /* NvWaPatch_Example */,
				6003F5AD195388D20070C39A /* NvWaPatch_Tests */,
			);
		};
/* End PBXProject section */

/* Begin PBXResourcesBuildPhase section */
		6003F588195388D20070C39A /* Resources */ = {
			isa = PBXResourcesBuildPhase;
			buildActionMask = 2147483647;
			files = (
				873B8AEB1B1F5CCA007FD442 /* Main.storyboard in Resources */,
				71719F9F1E33DC2100824A3D /* LaunchScreen.storyboard in Resources */,
				6003F5A9195388D20070C39A /* Images.xcassets in Resources */,
				6003F598195388D20070C39A /* InfoPlist.strings in Resources */,
			);
			runOnlyForDeploymentPostprocessing = 0;
		};
		6003F5AC195388D20070C39A /* Resources */ = {
			isa = PBXResourcesBuildPhase;
			buildActionMask = 2147483647;
			files = (
				6003F5BA195388D20070C39A /* InfoPlist.strings in Resources */,
			);
			runOnlyForDeploymentPostprocessing = 0;
		};
/* End PBXResourcesBuildPhase section */

/* Begin PBXShellScriptBuildPhase section */
		A49CBEAF8A3C8B3C1C45D340 /* [CP] Check Pods Manifest.lock */ = {
			isa = PBXShellScriptBuildPhase;
			buildActionMask = 2147483647;
			files = (
			);
			inputFileListPaths = (
			);
			inputPaths = (
				"${PODS_PODFILE_DIR_PATH}/Podfile.lock",
				"${PODS_ROOT}/Manifest.lock",
			);
			name = "[CP] Check Pods Manifest.lock";
			outputFileListPaths = (
			);
			outputPaths = (
				"$(DERIVED_FILE_DIR)/Pods-NvWaPatch_Tests-checkManifestLockResult.txt",
			);
			runOnlyForDeploymentPostprocessing = 0;
			shellPath = /bin/sh;
			shellScript = "diff \"${PODS_PODFILE_DIR_PATH}/Podfile.lock\" \"${PODS_ROOT}/Manifest.lock\" > /dev/null\nif [ $? != 0 ] ; then\n    # print error to STDERR\n    echo \"error: The sandbox is not in sync with the Podfile.lock. Run 'pod install' or update your CocoaPods installation.\" >&2\n    exit 1\nfi\n# This output is used by Xcode 'outputs' to avoid re-running this script phase.\necho \"SUCCESS\" > \"${SCRIPT_OUTPUT_FILE_0}\"\n";
			showEnvVarsInLog = 0;
		};
		AB7CE96C38DD427BF1F904B1 /* [CP] Check Pods Manifest.lock */ = {
			isa = PBXShellScriptBuildPhase;
			buildActionMask = 2147483647;
			files = (
			);
			inputFileListPaths = (
			);
			inputPaths = (
				"${PODS_PODFILE_DIR_PATH}/Podfile.lock",
				"${PODS_ROOT}/Manifest.lock",
			);
			name = "[CP] Check Pods Manifest.lock";
			outputFileListPaths = (
			);
			outputPaths = (
				"$(DERIVED_FILE_DIR)/Pods-NvWaPatch_Example-checkManifestLockResult.txt",
			);
			runOnlyForDeploymentPostprocessing = 0;
			shellPath = /bin/sh;
			shellScript = "diff \"${PODS_PODFILE_DIR_PATH}/Podfile.lock\" \"${PODS_ROOT}/Manifest.lock\" > /dev/null\nif [ $? != 0 ] ; then\n    # print error to STDERR\n    echo \"error: The sandbox is not in sync with the Podfile.lock. Run 'pod install' or update your CocoaPods installation.\" >&2\n    exit 1\nfi\n# This output is used by Xcode 'outputs' to avoid re-running this script phase.\necho \"SUCCESS\" > \"${SCRIPT_OUTPUT_FILE_0}\"\n";
			showEnvVarsInLog = 0;
		};
		E218C43298A2166F57E2EBC6 /* [CP] Embed Pods Frameworks */ = {
			isa = PBXShellScriptBuildPhase;
			buildActionMask = 2147483647;
			files = (
			);
			inputPaths = (
				"${PODS_ROOT}/Target Support Files/Pods-NvWaPatch_Example/Pods-NvWaPatch_Example-frameworks.sh",
				"${BUILT_PRODUCTS_DIR}/NvWaPatch/NvWaPatch.framework",
			);
			name = "[CP] Embed Pods Frameworks";
			outputPaths = (
				"${TARGET_BUILD_DIR}/${FRAMEWORKS_FOLDER_PATH}/NvWaPatch.framework",
			);
			runOnlyForDeploymentPostprocessing = 0;
			shellPath = /bin/sh;
			shellScript = "\"${PODS_ROOT}/Target Support Files/Pods-NvWaPatch_Example/Pods-NvWaPatch_Example-frameworks.sh\"\n";
			showEnvVarsInLog = 0;
		};
/* End PBXShellScriptBuildPhase section */

/* Begin PBXSourcesBuildPhase section */
		6003F586195388D20070C39A /* Sources */ = {
			isa = PBXSourcesBuildPhase;
			buildActionMask = 2147483647;
			files = (
				9885E1C124390E1400CDDF96 /* NWMethodArgument.m in Sources */,
				98E44A2423B3E2F900C28C4F /* NWTest.swift in Sources */,
				6003F59E195388D20070C39A /* NWAppDelegate.m in Sources */,
				9885E1BE24390E1400CDDF96 /* NWJSMethod.m in Sources */,
				9885E1BB24390E1400CDDF96 /* NWMethodSignature.m in Sources */,
				9885E1B624390E1400CDDF96 /* NWUtils.m in Sources */,
				9885E1BD24390E1400CDDF96 /* NWMethodReturnValue.m in Sources */,
				9885E1B124390E1400CDDF96 /* NWDefineDSLParse.swift in Sources */,
				9885E1B224390E1400CDDF96 /* NWObjCHookInfo.m in Sources */,
				98E44A2023B3E08E00C28C4F /* NWButtonView.m in Sources */,
				9885E1BF24390E1400CDDF96 /* NWMethod.m in Sources */,
				9885E1BA24390E1400CDDF96 /* NWJSBridgeContext.swift in Sources */,
				9885E1C024390E1400CDDF96 /* NWObjCMethod.m in Sources */,
				9885E1BC24390E1400CDDF96 /* NWObjCMethodSignature.m in Sources */,
				9885E1B324390E1400CDDF96 /* NWFuncHookInfoPool.swift in Sources */,
				98E44A2123B3E08E00C28C4F /* NWStateView.m in Sources */,
				6003F5A7195388D20070C39A /* NWViewController.m in Sources */,
				9885E1B824390E1400CDDF96 /* NWJSCoreBridge.swift in Sources */,
				6003F59A195388D20070C39A /* main.m in Sources */,
				9885E1B924390E1400CDDF96 /* NWJSEngine.swift in Sources */,
				9885E1B424390E1400CDDF96 /* NWHookInfo.m in Sources */,
				9885E1B524390E1400CDDF96 /* NWFuncHook.swift in Sources */,
				9885E1B724390E1400CDDF96 /* NWJSDownloader.swift in Sources */,
			);
			runOnlyForDeploymentPostprocessing = 0;
		};
		6003F5AA195388D20070C39A /* Sources */ = {
			isa = PBXSourcesBuildPhase;
			buildActionMask = 2147483647;
			files = (
				6003F5BC195388D20070C39A /* Tests.m in Sources */,
			);
			runOnlyForDeploymentPostprocessing = 0;
		};
/* End PBXSourcesBuildPhase section */

/* Begin PBXTargetDependency section */
		6003F5B4195388D20070C39A /* PBXTargetDependency */ = {
			isa = PBXTargetDependency;
			target = 6003F589195388D20070C39A /* NvWaPatch_Example */;
			targetProxy = 6003F5B3195388D20070C39A /* PBXContainerItemProxy */;
		};
/* End PBXTargetDependency section */

/* Begin PBXVariantGroup section */
		6003F596195388D20070C39A /* InfoPlist.strings */ = {
			isa = PBXVariantGroup;
			children = (
				6003F597195388D20070C39A /* en */,
			);
			name = InfoPlist.strings;
			sourceTree = "<group>";
		};
		6003F5B8195388D20070C39A /* InfoPlist.strings */ = {
			isa = PBXVariantGroup;
			children = (
				6003F5B9195388D20070C39A /* en */,
			);
			name = InfoPlist.strings;
			sourceTree = "<group>";
		};
		71719F9D1E33DC2100824A3D /* LaunchScreen.storyboard */ = {
			isa = PBXVariantGroup;
			children = (
				71719F9E1E33DC2100824A3D /* Base */,
			);
			name = LaunchScreen.storyboard;
			sourceTree = "<group>";
		};
/* End PBXVariantGroup section */

/* Begin XCBuildConfiguration section */
		6003F5BD195388D20070C39A /* Debug */ = {
			isa = XCBuildConfiguration;
			buildSettings = {
				ALWAYS_SEARCH_USER_PATHS = NO;
				CLANG_CXX_LANGUAGE_STANDARD = "gnu++0x";
				CLANG_CXX_LIBRARY = "libc++";
				CLANG_ENABLE_MODULES = YES;
				CLANG_ENABLE_OBJC_ARC = YES;
				CLANG_WARN_BOOL_CONVERSION = YES;
				CLANG_WARN_CONSTANT_CONVERSION = YES;
				CLANG_WARN_DIRECT_OBJC_ISA_USAGE = YES_ERROR;
				CLANG_WARN_EMPTY_BODY = YES;
				CLANG_WARN_ENUM_CONVERSION = YES;
				CLANG_WARN_INT_CONVERSION = YES;
				CLANG_WARN_OBJC_ROOT_CLASS = YES_ERROR;
				CLANG_WARN__DUPLICATE_METHOD_MATCH = YES;
				"CODE_SIGN_IDENTITY[sdk=iphoneos*]" = "iPhone Developer";
				COPY_PHASE_STRIP = NO;
				ENABLE_TESTABILITY = YES;
				GCC_C_LANGUAGE_STANDARD = gnu99;
				GCC_DYNAMIC_NO_PIC = NO;
				GCC_OPTIMIZATION_LEVEL = 0;
				GCC_PREPROCESSOR_DEFINITIONS = (
					"DEBUG=1",
					"$(inherited)",
				);
				GCC_SYMBOLS_PRIVATE_EXTERN = NO;
				GCC_WARN_64_TO_32_BIT_CONVERSION = YES;
				GCC_WARN_ABOUT_RETURN_TYPE = YES_ERROR;
				GCC_WARN_UNDECLARED_SELECTOR = YES;
				GCC_WARN_UNINITIALIZED_AUTOS = YES_AGGRESSIVE;
				GCC_WARN_UNUSED_FUNCTION = YES;
				GCC_WARN_UNUSED_VARIABLE = YES;
				IPHONEOS_DEPLOYMENT_TARGET = 9.3;
				ONLY_ACTIVE_ARCH = YES;
				SDKROOT = iphoneos;
				TARGETED_DEVICE_FAMILY = "1,2";
			};
			name = Debug;
		};
		6003F5BE195388D20070C39A /* Release */ = {
			isa = XCBuildConfiguration;
			buildSettings = {
				ALWAYS_SEARCH_USER_PATHS = NO;
				CLANG_CXX_LANGUAGE_STANDARD = "gnu++0x";
				CLANG_CXX_LIBRARY = "libc++";
				CLANG_ENABLE_MODULES = YES;
				CLANG_ENABLE_OBJC_ARC = YES;
				CLANG_WARN_BOOL_CONVERSION = YES;
				CLANG_WARN_CONSTANT_CONVERSION = YES;
				CLANG_WARN_DIRECT_OBJC_ISA_USAGE = YES_ERROR;
				CLANG_WARN_EMPTY_BODY = YES;
				CLANG_WARN_ENUM_CONVERSION = YES;
				CLANG_WARN_INT_CONVERSION = YES;
				CLANG_WARN_OBJC_ROOT_CLASS = YES_ERROR;
				CLANG_WARN__DUPLICATE_METHOD_MATCH = YES;
				"CODE_SIGN_IDENTITY[sdk=iphoneos*]" = "iPhone Developer";
				COPY_PHASE_STRIP = YES;
				ENABLE_NS_ASSERTIONS = NO;
				GCC_C_LANGUAGE_STANDARD = gnu99;
				GCC_WARN_64_TO_32_BIT_CONVERSION = YES;
				GCC_WARN_ABOUT_RETURN_TYPE = YES_ERROR;
				GCC_WARN_UNDECLARED_SELECTOR = YES;
				GCC_WARN_UNINITIALIZED_AUTOS = YES_AGGRESSIVE;
				GCC_WARN_UNUSED_FUNCTION = YES;
				GCC_WARN_UNUSED_VARIABLE = YES;
				IPHONEOS_DEPLOYMENT_TARGET = 9.3;
				SDKROOT = iphoneos;
				TARGETED_DEVICE_FAMILY = "1,2";
				VALIDATE_PRODUCT = YES;
			};
			name = Release;
		};
		6003F5C0195388D20070C39A /* Debug */ = {
			isa = XCBuildConfiguration;
			baseConfigurationReference = B90C8B2DB8540678D7A2E59C /* Pods-NvWaPatch_Example.debug.xcconfig */;
			buildSettings = {
				ASSETCATALOG_COMPILER_APPICON_NAME = AppIcon;
				CLANG_ENABLE_MODULES = YES;
				FRAMEWORK_SEARCH_PATHS = (
					"$(inherited)",
					"$(PROJECT_DIR)",
				);
				GCC_PRECOMPILE_PREFIX_HEADER = YES;
				GCC_PREFIX_HEADER = "NvWaPatch/NvWaPatch-Prefix.pch";
				HEADER_SEARCH_PATHS = (
					"$(inherited)",
					"\"${PODS_CONFIGURATION_BUILD_DIR}/NvWaPatch/NvWaPatch.framework/Headers\"",
					./libffi/,
				);
				INFOPLIST_FILE = "NvWaPatch/NvWaPatch-Info.plist";
				LD_RUNPATH_SEARCH_PATHS = "$(inherited) @executable_path/Frameworks";
				MODULE_NAME = ExampleApp;
				OTHER_LDFLAGS = (
					"$(inherited)",
					"-framework",
					"\"NvWaPatch\"",
					./libffi/libffi.a,
				);
				PRODUCT_BUNDLE_IDENTIFIER = "org.cocoapods.demo.${PRODUCT_NAME:rfc1034identifier}";
				PRODUCT_NAME = "$(TARGET_NAME)";
				SWIFT_OBJC_BRIDGING_HEADER = "NvWaPatch/NvWaPatch_Example-Bridging-Header.h";
				SWIFT_OPTIMIZATION_LEVEL = "-Onone";
				SWIFT_VERSION = 4.0;
				WRAPPER_EXTENSION = app;
			};
			name = Debug;
		};
		6003F5C1195388D20070C39A /* Release */ = {
			isa = XCBuildConfiguration;
			baseConfigurationReference = C9C60330233BF7B949569A0E /* Pods-NvWaPatch_Example.release.xcconfig */;
			buildSettings = {
				ASSETCATALOG_COMPILER_APPICON_NAME = AppIcon;
				CLANG_ENABLE_MODULES = YES;
				FRAMEWORK_SEARCH_PATHS = (
					"$(inherited)",
					"$(PROJECT_DIR)",
				);
				GCC_PRECOMPILE_PREFIX_HEADER = YES;
				GCC_PREFIX_HEADER = "NvWaPatch/NvWaPatch-Prefix.pch";
				HEADER_SEARCH_PATHS = (
					"$(inherited)",
					"\"${PODS_CONFIGURATION_BUILD_DIR}/NvWaPatch/NvWaPatch.framework/Headers\"",
					./libffi/,
				);
				INFOPLIST_FILE = "NvWaPatch/NvWaPatch-Info.plist";
				LD_RUNPATH_SEARCH_PATHS = "$(inherited) @executable_path/Frameworks";
				MODULE_NAME = ExampleApp;
				OTHER_LDFLAGS = (
					"$(inherited)",
					"-framework",
					"\"NvWaPatch\"",
					./libffi/libffi.a,
				);
				PRODUCT_BUNDLE_IDENTIFIER = "org.cocoapods.demo.${PRODUCT_NAME:rfc1034identifier}";
				PRODUCT_NAME = "$(TARGET_NAME)";
				SWIFT_OBJC_BRIDGING_HEADER = "NvWaPatch/NvWaPatch_Example-Bridging-Header.h";
				SWIFT_VERSION = 4.0;
				WRAPPER_EXTENSION = app;
			};
			name = Release;
		};
		6003F5C3195388D20070C39A /* Debug */ = {
			isa = XCBuildConfiguration;
			baseConfigurationReference = 5AB4DFEA1745195A336F9643 /* Pods-NvWaPatch_Tests.debug.xcconfig */;
			buildSettings = {
				ALWAYS_EMBED_SWIFT_STANDARD_LIBRARIES = YES;
				BUNDLE_LOADER = "$(TEST_HOST)";
				FRAMEWORK_SEARCH_PATHS = (
					"$(PLATFORM_DIR)/Developer/Library/Frameworks",
					"$(inherited)",
					"$(DEVELOPER_FRAMEWORKS_DIR)",
				);
				GCC_PRECOMPILE_PREFIX_HEADER = YES;
				GCC_PREFIX_HEADER = "Tests/Tests-Prefix.pch";
				GCC_PREPROCESSOR_DEFINITIONS = (
					"DEBUG=1",
					"$(inherited)",
				);
				INFOPLIST_FILE = "Tests/Tests-Info.plist";
				PRODUCT_BUNDLE_IDENTIFIER = "org.cocoapods.demo.${PRODUCT_NAME:rfc1034identifier}";
				PRODUCT_NAME = "$(TARGET_NAME)";
				SWIFT_VERSION = 4.0;
				TEST_HOST = "$(BUILT_PRODUCTS_DIR)/NvWaPatch_Example.app/NvWaPatch_Example";
				WRAPPER_EXTENSION = xctest;
			};
			name = Debug;
		};
		6003F5C4195388D20070C39A /* Release */ = {
			isa = XCBuildConfiguration;
			baseConfigurationReference = 155610AEFA17BD7EEC5ED551 /* Pods-NvWaPatch_Tests.release.xcconfig */;
			buildSettings = {
				ALWAYS_EMBED_SWIFT_STANDARD_LIBRARIES = YES;
				BUNDLE_LOADER = "$(TEST_HOST)";
				FRAMEWORK_SEARCH_PATHS = (
					"$(PLATFORM_DIR)/Developer/Library/Frameworks",
					"$(inherited)",
					"$(DEVELOPER_FRAMEWORKS_DIR)",
				);
				GCC_PRECOMPILE_PREFIX_HEADER = YES;
				GCC_PREFIX_HEADER = "Tests/Tests-Prefix.pch";
				INFOPLIST_FILE = "Tests/Tests-Info.plist";
				PRODUCT_BUNDLE_IDENTIFIER = "org.cocoapods.demo.${PRODUCT_NAME:rfc1034identifier}";
				PRODUCT_NAME = "$(TARGET_NAME)";
				SWIFT_VERSION = 4.0;
				TEST_HOST = "$(BUILT_PRODUCTS_DIR)/NvWaPatch_Example.app/NvWaPatch_Example";
				WRAPPER_EXTENSION = xctest;
			};
			name = Release;
		};
/* End XCBuildConfiguration section */

/* Begin XCConfigurationList section */
		6003F585195388D10070C39A /* Build configuration list for PBXProject "NvWaPatch" */ = {
			isa = XCConfigurationList;
			buildConfigurations = (
				6003F5BD195388D20070C39A /* Debug */,
				6003F5BE195388D20070C39A /* Release */,
			);
			defaultConfigurationIsVisible = 0;
			defaultConfigurationName = Release;
		};
		6003F5BF195388D20070C39A /* Build configuration list for PBXNativeTarget "NvWaPatch_Example" */ = {
			isa = XCConfigurationList;
			buildConfigurations = (
				6003F5C0195388D20070C39A /* Debug */,
				6003F5C1195388D20070C39A /* Release */,
			);
			defaultConfigurationIsVisible = 0;
			defaultConfigurationName = Release;
		};
		6003F5C2195388D20070C39A /* Build configuration list for PBXNativeTarget "NvWaPatch_Tests" */ = {
			isa = XCConfigurationList;
			buildConfigurations = (
				6003F5C3195388D20070C39A /* Debug */,
				6003F5C4195388D20070C39A /* Release */,
			);
			defaultConfigurationIsVisible = 0;
			defaultConfigurationName = Release;
		};
/* End XCConfigurationList section */
	};
	rootObject = 6003F582195388D10070C39A /* Project object */;
}
